// !$*UTF8*$!
{
	archiveVersion = 1;
	classes = {
	};
	objectVersion = 46;
	objects = {

/* Begin PBXBuildFile section */
		5B949CD21A1140E4005675A0 /* STKAudioPlayer.h in Headers */ = {isa = PBXBuildFile; fileRef = A1E7C4F1188D5E550010896F /* STKAudioPlayer.h */; settings = {ATTRIBUTES = (Public, ); }; };
		5B949CD31A1140E4005675A0 /* STKAutoRecoveringHTTPDataSource.h in Headers */ = {isa = PBXBuildFile; fileRef = A1E7C4F3188D5E550010896F /* STKAutoRecoveringHTTPDataSource.h */; settings = {ATTRIBUTES = (Public, ); }; };
		5B949CD41A1140E4005675A0 /* STKCoreFoundationDataSource.h in Headers */ = {isa = PBXBuildFile; fileRef = A1E7C4F5188D5E550010896F /* STKCoreFoundationDataSource.h */; settings = {ATTRIBUTES = (Public, ); }; };
		5B949CD51A1140E4005675A0 /* STKDataSource.h in Headers */ = {isa = PBXBuildFile; fileRef = A1E7C4F7188D5E550010896F /* STKDataSource.h */; settings = {ATTRIBUTES = (Public, ); }; };
		5B949CD61A1140E4005675A0 /* STKDataSourceWrapper.h in Headers */ = {isa = PBXBuildFile; fileRef = A1E7C4F9188D5E550010896F /* STKDataSourceWrapper.h */; settings = {ATTRIBUTES = (Public, ); }; };
		5B949CD71A1140E4005675A0 /* STKHTTPDataSource.h in Headers */ = {isa = PBXBuildFile; fileRef = A1E7C4FB188D5E550010896F /* STKHTTPDataSource.h */; settings = {ATTRIBUTES = (Public, ); }; };
		5B949CD81A1140E4005675A0 /* STKLocalFileDataSource.h in Headers */ = {isa = PBXBuildFile; fileRef = A1E7C4FD188D5E550010896F /* STKLocalFileDataSource.h */; settings = {ATTRIBUTES = (Public, ); }; };
		5B949CD91A1140E4005675A0 /* STKQueueEntry.h in Headers */ = {isa = PBXBuildFile; fileRef = A1BF65D0189A6582004DD08C /* STKQueueEntry.h */; settings = {ATTRIBUTES = (Public, ); }; };
		841541BF1FB32FFE00FFD343 /* STKMediaLibraryFileLoader.m in Sources */ = {isa = PBXBuildFile; fileRef = 841541BB1FB32FFE00FFD343 /* STKMediaLibraryFileLoader.m */; };
		841541C11FB32FFE00FFD343 /* STKMediaLibraryFileLoader.h in Headers */ = {isa = PBXBuildFile; fileRef = 841541BE1FB32FFE00FFD343 /* STKMediaLibraryFileLoader.h */; };
		A1BF65D2189A6582004DD08C /* STKQueueEntry.m in Sources */ = {isa = PBXBuildFile; fileRef = A1BF65D1189A6582004DD08C /* STKQueueEntry.m */; };
		A1BF65D5189A65C6004DD08C /* NSMutableArray+STKAudioPlayer.m in Sources */ = {isa = PBXBuildFile; fileRef = A1BF65D4189A65C6004DD08C /* NSMutableArray+STKAudioPlayer.m */; };
		A1E7C4FF188D5E550010896F /* STKAudioPlayer.m in Sources */ = {isa = PBXBuildFile; fileRef = A1E7C4F2188D5E550010896F /* STKAudioPlayer.m */; };
		A1E7C500188D5E550010896F /* STKAutoRecoveringHTTPDataSource.m in Sources */ = {isa = PBXBuildFile; fileRef = A1E7C4F4188D5E550010896F /* STKAutoRecoveringHTTPDataSource.m */; };
		A1E7C501188D5E550010896F /* STKCoreFoundationDataSource.m in Sources */ = {isa = PBXBuildFile; fileRef = A1E7C4F6188D5E550010896F /* STKCoreFoundationDataSource.m */; };
		A1E7C502188D5E550010896F /* STKDataSource.m in Sources */ = {isa = PBXBuildFile; fileRef = A1E7C4F8188D5E550010896F /* STKDataSource.m */; };
		A1E7C503188D5E550010896F /* STKDataSourceWrapper.m in Sources */ = {isa = PBXBuildFile; fileRef = A1E7C4FA188D5E550010896F /* STKDataSourceWrapper.m */; };
		A1E7C504188D5E550010896F /* STKHTTPDataSource.m in Sources */ = {isa = PBXBuildFile; fileRef = A1E7C4FC188D5E550010896F /* STKHTTPDataSource.m */; };
		A1E7C505188D5E550010896F /* STKLocalFileDataSource.m in Sources */ = {isa = PBXBuildFile; fileRef = A1E7C4FE188D5E550010896F /* STKLocalFileDataSource.m */; };
/* End PBXBuildFile section */

/* Begin PBXCopyFilesBuildPhase section */
		A1E7C4C6188D57F50010896F /* CopyFiles */ = {
			isa = PBXCopyFilesBuildPhase;
			buildActionMask = 2147483647;
			dstPath = "include/$(PRODUCT_NAME)";
			dstSubfolderSpec = 16;
			files = (
			);
			runOnlyForDeploymentPostprocessing = 0;
		};
/* End PBXCopyFilesBuildPhase section */

/* Begin PBXFileReference section */
		841541BB1FB32FFE00FFD343 /* STKMediaLibraryFileLoader.m */ = {isa = PBXFileReference; fileEncoding = 4; lastKnownFileType = sourcecode.c.objc; path = STKMediaLibraryFileLoader.m; sourceTree = "<group>"; };
		841541BE1FB32FFE00FFD343 /* STKMediaLibraryFileLoader.h */ = {isa = PBXFileReference; fileEncoding = 4; lastKnownFileType = sourcecode.c.h; path = STKMediaLibraryFileLoader.h; sourceTree = "<group>"; };
		A1A4996A189E744400E2A2E2 /* Cocoa.framework */ = {isa = PBXFileReference; lastKnownFileType = wrapper.framework; name = Cocoa.framework; path = Library/Frameworks/Cocoa.framework; sourceTree = DEVELOPER_DIR; };
		A1A4996D189E744500E2A2E2 /* Foundation.framework */ = {isa = PBXFileReference; lastKnownFileType = wrapper.framework; name = Foundation.framework; path = Library/Frameworks/Foundation.framework; sourceTree = SDKROOT; };
		A1A4996E189E744500E2A2E2 /* CoreData.framework */ = {isa = PBXFileReference; lastKnownFileType = wrapper.framework; name = CoreData.framework; path = Library/Frameworks/CoreData.framework; sourceTree = SDKROOT; };
		A1A4996F189E744500E2A2E2 /* AppKit.framework */ = {isa = PBXFileReference; lastKnownFileType = wrapper.framework; name = AppKit.framework; path = Library/Frameworks/AppKit.framework; sourceTree = SDKROOT; };
		A1A499F6189E79EA00E2A2E2 /* AudioToolbox.framework */ = {isa = PBXFileReference; lastKnownFileType = wrapper.framework; name = AudioToolbox.framework; path = System/Library/Frameworks/AudioToolbox.framework; sourceTree = SDKROOT; };
		A1BF65D0189A6582004DD08C /* STKQueueEntry.h */ = {isa = PBXFileReference; fileEncoding = 4; lastKnownFileType = sourcecode.c.h; path = STKQueueEntry.h; sourceTree = "<group>"; };
		A1BF65D1189A6582004DD08C /* STKQueueEntry.m */ = {isa = PBXFileReference; fileEncoding = 4; lastKnownFileType = sourcecode.c.objc; path = STKQueueEntry.m; sourceTree = "<group>"; };
		A1BF65D3189A65C6004DD08C /* NSMutableArray+STKAudioPlayer.h */ = {isa = PBXFileReference; fileEncoding = 4; lastKnownFileType = sourcecode.c.h; path = "NSMutableArray+STKAudioPlayer.h"; sourceTree = "<group>"; };
		A1BF65D4189A65C6004DD08C /* NSMutableArray+STKAudioPlayer.m */ = {isa = PBXFileReference; fileEncoding = 4; lastKnownFileType = sourcecode.c.objc; path = "NSMutableArray+STKAudioPlayer.m"; sourceTree = "<group>"; };
		A1C9767618981BFE0057F881 /* AudioUnit.framework */ = {isa = PBXFileReference; lastKnownFileType = wrapper.framework; name = AudioUnit.framework; path = System/Library/Frameworks/AudioUnit.framework; sourceTree = SDKROOT; };
		A1E7C4C8188D57F50010896F /* libStreamingKit.a */ = {isa = PBXFileReference; explicitFileType = archive.ar; includeInIndex = 0; path = libStreamingKit.a; sourceTree = BUILT_PRODUCTS_DIR; };
		A1E7C4CB188D57F50010896F /* Foundation.framework */ = {isa = PBXFileReference; lastKnownFileType = wrapper.framework; name = Foundation.framework; path = System/Library/Frameworks/Foundation.framework; sourceTree = SDKROOT; };
		A1E7C4CF188D57F50010896F /* StreamingKit-Prefix.pch */ = {isa = PBXFileReference; lastKnownFileType = sourcecode.c.h; path = "StreamingKit-Prefix.pch"; sourceTree = "<group>"; };
		A1E7C4D9188D57F60010896F /* XCTest.framework */ = {isa = PBXFileReference; lastKnownFileType = wrapper.framework; name = XCTest.framework; path = Library/Frameworks/XCTest.framework; sourceTree = DEVELOPER_DIR; };
		A1E7C4F1188D5E550010896F /* STKAudioPlayer.h */ = {isa = PBXFileReference; fileEncoding = 4; lastKnownFileType = sourcecode.c.h; path = STKAudioPlayer.h; sourceTree = "<group>"; };
		A1E7C4F2188D5E550010896F /* STKAudioPlayer.m */ = {isa = PBXFileReference; fileEncoding = 4; lastKnownFileType = sourcecode.c.objc; path = STKAudioPlayer.m; sourceTree = "<group>"; };
		A1E7C4F3188D5E550010896F /* STKAutoRecoveringHTTPDataSource.h */ = {isa = PBXFileReference; fileEncoding = 4; lastKnownFileType = sourcecode.c.h; path = STKAutoRecoveringHTTPDataSource.h; sourceTree = "<group>"; };
		A1E7C4F4188D5E550010896F /* STKAutoRecoveringHTTPDataSource.m */ = {isa = PBXFileReference; fileEncoding = 4; lastKnownFileType = sourcecode.c.objc; path = STKAutoRecoveringHTTPDataSource.m; sourceTree = "<group>"; };
		A1E7C4F5188D5E550010896F /* STKCoreFoundationDataSource.h */ = {isa = PBXFileReference; fileEncoding = 4; lastKnownFileType = sourcecode.c.h; path = STKCoreFoundationDataSource.h; sourceTree = "<group>"; };
		A1E7C4F6188D5E550010896F /* STKCoreFoundationDataSource.m */ = {isa = PBXFileReference; fileEncoding = 4; lastKnownFileType = sourcecode.c.objc; path = STKCoreFoundationDataSource.m; sourceTree = "<group>"; };
		A1E7C4F7188D5E550010896F /* STKDataSource.h */ = {isa = PBXFileReference; fileEncoding = 4; lastKnownFileType = sourcecode.c.h; path = STKDataSource.h; sourceTree = "<group>"; };
		A1E7C4F8188D5E550010896F /* STKDataSource.m */ = {isa = PBXFileReference; fileEncoding = 4; lastKnownFileType = sourcecode.c.objc; path = STKDataSource.m; sourceTree = "<group>"; };
		A1E7C4F9188D5E550010896F /* STKDataSourceWrapper.h */ = {isa = PBXFileReference; fileEncoding = 4; lastKnownFileType = sourcecode.c.h; path = STKDataSourceWrapper.h; sourceTree = "<group>"; };
		A1E7C4FA188D5E550010896F /* STKDataSourceWrapper.m */ = {isa = PBXFileReference; fileEncoding = 4; lastKnownFileType = sourcecode.c.objc; path = STKDataSourceWrapper.m; sourceTree = "<group>"; };
		A1E7C4FB188D5E550010896F /* STKHTTPDataSource.h */ = {isa = PBXFileReference; fileEncoding = 4; lastKnownFileType = sourcecode.c.h; path = STKHTTPDataSource.h; sourceTree = "<group>"; };
		A1E7C4FC188D5E550010896F /* STKHTTPDataSource.m */ = {isa = PBXFileReference; fileEncoding = 4; lastKnownFileType = sourcecode.c.objc; path = STKHTTPDataSource.m; sourceTree = "<group>"; };
		A1E7C4FD188D5E550010896F /* STKLocalFileDataSource.h */ = {isa = PBXFileReference; fileEncoding = 4; lastKnownFileType = sourcecode.c.h; path = STKLocalFileDataSource.h; sourceTree = "<group>"; };
		A1E7C4FE188D5E550010896F /* STKLocalFileDataSource.m */ = {isa = PBXFileReference; fileEncoding = 4; lastKnownFileType = sourcecode.c.objc; path = STKLocalFileDataSource.m; sourceTree = "<group>"; };
		A1E7C507188D62D20010896F /* UIKit.framework */ = {isa = PBXFileReference; lastKnownFileType = wrapper.framework; name = UIKit.framework; path = System/Library/Frameworks/UIKit.framework; sourceTree = SDKROOT; };
/* End PBXFileReference section */

/* Begin PBXFrameworksBuildPhase section */
		A1E7C4C5188D57F50010896F /* Frameworks */ = {
			isa = PBXFrameworksBuildPhase;
			buildActionMask = 2147483647;
			files = (
			);
			runOnlyForDeploymentPostprocessing = 0;
		};
/* End PBXFrameworksBuildPhase section */

/* Begin PBXGroup section */
		A1A4996C189E744500E2A2E2 /* Other Frameworks */ = {
			isa = PBXGroup;
			children = (
				A1A4996D189E744500E2A2E2 /* Foundation.framework */,
				A1A4996E189E744500E2A2E2 /* CoreData.framework */,
				A1A4996F189E744500E2A2E2 /* AppKit.framework */,
			);
			name = "Other Frameworks";
			sourceTree = "<group>";
		};
		A1E7C4BF188D57F50010896F = {
			isa = PBXGroup;
			children = (
				A1E7C4CD188D57F50010896F /* StreamingKit */,
				A1E7C4CA188D57F50010896F /* Frameworks */,
				A1E7C4C9188D57F50010896F /* Products */,
			);
			sourceTree = "<group>";
		};
		A1E7C4C9188D57F50010896F /* Products */ = {
			isa = PBXGroup;
			children = (
				A1E7C4C8188D57F50010896F /* libStreamingKit.a */,
			);
			name = Products;
			sourceTree = "<group>";
		};
		A1E7C4CA188D57F50010896F /* Frameworks */ = {
			isa = PBXGroup;
			children = (
				A1A499F6189E79EA00E2A2E2 /* AudioToolbox.framework */,
				A1C9767618981BFE0057F881 /* AudioUnit.framework */,
				A1E7C507188D62D20010896F /* UIKit.framework */,
				A1E7C4CB188D57F50010896F /* Foundation.framework */,
				A1E7C4D9188D57F60010896F /* XCTest.framework */,
				A1A4996A189E744400E2A2E2 /* Cocoa.framework */,
				A1A4996C189E744500E2A2E2 /* Other Frameworks */,
			);
			name = Frameworks;
			sourceTree = "<group>";
		};
		A1E7C4CD188D57F50010896F /* StreamingKit */ = {
			isa = PBXGroup;
			children = (
				841541BE1FB32FFE00FFD343 /* STKMediaLibraryFileLoader.h */,
				841541BB1FB32FFE00FFD343 /* STKMediaLibraryFileLoader.m */,
				A1E7C4F1188D5E550010896F /* STKAudioPlayer.h */,
				A1E7C4F2188D5E550010896F /* STKAudioPlayer.m */,
				A1E7C4F3188D5E550010896F /* STKAutoRecoveringHTTPDataSource.h */,
				A1E7C4F4188D5E550010896F /* STKAutoRecoveringHTTPDataSource.m */,
				A1E7C4F5188D5E550010896F /* STKCoreFoundationDataSource.h */,
				A1E7C4F6188D5E550010896F /* STKCoreFoundationDataSource.m */,
				A1E7C4F7188D5E550010896F /* STKDataSource.h */,
				A1E7C4F8188D5E550010896F /* STKDataSource.m */,
				A1E7C4F9188D5E550010896F /* STKDataSourceWrapper.h */,
				A1E7C4FA188D5E550010896F /* STKDataSourceWrapper.m */,
				A1E7C4FB188D5E550010896F /* STKHTTPDataSource.h */,
				A1E7C4FC188D5E550010896F /* STKHTTPDataSource.m */,
				A1E7C4FD188D5E550010896F /* STKLocalFileDataSource.h */,
				A1E7C4FE188D5E550010896F /* STKLocalFileDataSource.m */,
				A1BF65D0189A6582004DD08C /* STKQueueEntry.h */,
				A1BF65D1189A6582004DD08C /* STKQueueEntry.m */,
				A1BF65D3189A65C6004DD08C /* NSMutableArray+STKAudioPlayer.h */,
				A1BF65D4189A65C6004DD08C /* NSMutableArray+STKAudioPlayer.m */,
				A1E7C4CE188D57F50010896F /* Supporting Files */,
			);
			path = StreamingKit;
			sourceTree = "<group>";
		};
		A1E7C4CE188D57F50010896F /* Supporting Files */ = {
			isa = PBXGroup;
			children = (
				A1E7C4CF188D57F50010896F /* StreamingKit-Prefix.pch */,
			);
			name = "Supporting Files";
			sourceTree = "<group>";
		};
/* End PBXGroup section */

/* Begin PBXHeadersBuildPhase section */
		5B949CD11A1140CF005675A0 /* Headers */ = {
			isa = PBXHeadersBuildPhase;
			buildActionMask = 2147483647;
			files = (
				5B949CD21A1140E4005675A0 /* STKAudioPlayer.h in Headers */,
				5B949CD31A1140E4005675A0 /* STKAutoRecoveringHTTPDataSource.h in Headers */,
				5B949CD41A1140E4005675A0 /* STKCoreFoundationDataSource.h in Headers */,
				5B949CD51A1140E4005675A0 /* STKDataSource.h in Headers */,
				5B949CD61A1140E4005675A0 /* STKDataSourceWrapper.h in Headers */,
				5B949CD71A1140E4005675A0 /* STKHTTPDataSource.h in Headers */,
				5B949CD81A1140E4005675A0 /* STKLocalFileDataSource.h in Headers */,
				841541C11FB32FFE00FFD343 /* STKMediaLibraryFileLoader.h in Headers */,
				5B949CD91A1140E4005675A0 /* STKQueueEntry.h in Headers */,
			);
			runOnlyForDeploymentPostprocessing = 0;
		};
/* End PBXHeadersBuildPhase section */

/* Begin PBXNativeTarget section */
		A1E7C4C7188D57F50010896F /* StreamingKit */ = {
			isa = PBXNativeTarget;
			buildConfigurationList = A1E7C4EB188D57F60010896F /* Build configuration list for PBXNativeTarget "StreamingKit" */;
			buildPhases = (
				A1E7C4C4188D57F50010896F /* Sources */,
				A1E7C4C5188D57F50010896F /* Frameworks */,
				A1E7C4C6188D57F50010896F /* CopyFiles */,
				5B949CD11A1140CF005675A0 /* Headers */,
			);
			buildRules = (
			);
			dependencies = (
			);
			name = StreamingKit;
			productName = StreamingKit;
			productReference = A1E7C4C8188D57F50010896F /* libStreamingKit.a */;
			productType = "com.apple.product-type.library.static";
		};
/* End PBXNativeTarget section */

/* Begin PBXProject section */
		A1E7C4C0188D57F50010896F /* Project object */ = {
			isa = PBXProject;
			attributes = {
				CLASSPREFIX = STK;
				LastUpgradeCheck = 0710;
				ORGANIZATIONNAME = "Thong Nguyen";
			};
			buildConfigurationList = A1E7C4C3188D57F50010896F /* Build configuration list for PBXProject "StreamingKit" */;
			compatibilityVersion = "Xcode 3.2";
			developmentRegion = English;
			hasScannedForEncodings = 0;
			knownRegions = (
				en,
			);
			mainGroup = A1E7C4BF188D57F50010896F;
			productRefGroup = A1E7C4C9188D57F50010896F /* Products */;
			projectDirPath = "";
			projectRoot = "";
			targets = (
				A1E7C4C7188D57F50010896F /* StreamingKit */,
			);
		};
/* End PBXProject section */

/* Begin PBXSourcesBuildPhase section */
		A1E7C4C4188D57F50010896F /* Sources */ = {
			isa = PBXSourcesBuildPhase;
			buildActionMask = 2147483647;
			files = (
				A1E7C501188D5E550010896F /* STKCoreFoundationDataSource.m in Sources */,
				A1E7C4FF188D5E550010896F /* STKAudioPlayer.m in Sources */,
				A1E7C505188D5E550010896F /* STKLocalFileDataSource.m in Sources */,
				A1BF65D2189A6582004DD08C /* STKQueueEntry.m in Sources */,
				841541BF1FB32FFE00FFD343 /* STKMediaLibraryFileLoader.m in Sources */,
				A1E7C504188D5E550010896F /* STKHTTPDataSource.m in Sources */,
				A1E7C503188D5E550010896F /* STKDataSourceWrapper.m in Sources */,
				A1E7C502188D5E550010896F /* STKDataSource.m in Sources */,
				A1BF65D5189A65C6004DD08C /* NSMutableArray+STKAudioPlayer.m in Sources */,
				A1E7C500188D5E550010896F /* STKAutoRecoveringHTTPDataSource.m in Sources */,
			);
			runOnlyForDeploymentPostprocessing = 0;
		};
/* End PBXSourcesBuildPhase section */

/* Begin XCBuildConfiguration section */
		A1E7C4E9188D57F60010896F /* Debug */ = {
			isa = XCBuildConfiguration;
			buildSettings = {
				ALWAYS_SEARCH_USER_PATHS = NO;
				CLANG_CXX_LANGUAGE_STANDARD = "gnu++0x";
				CLANG_CXX_LIBRARY = "libc++";
				CLANG_ENABLE_MODULES = YES;
				CLANG_ENABLE_OBJC_ARC = YES;
				CLANG_WARN_BOOL_CONVERSION = YES;
				CLANG_WARN_CONSTANT_CONVERSION = YES;
				CLANG_WARN_DIRECT_OBJC_ISA_USAGE = YES_ERROR;
				CLANG_WARN_EMPTY_BODY = YES;
				CLANG_WARN_ENUM_CONVERSION = YES;
				CLANG_WARN_INT_CONVERSION = YES;
				CLANG_WARN_OBJC_ROOT_CLASS = YES_ERROR;
				CLANG_WARN__DUPLICATE_METHOD_MATCH = YES;
				COPY_PHASE_STRIP = NO;
				ENABLE_TESTABILITY = YES;
				GCC_C_LANGUAGE_STANDARD = gnu99;
				GCC_DYNAMIC_NO_PIC = NO;
				GCC_OPTIMIZATION_LEVEL = 0;
				GCC_PREPROCESSOR_DEFINITIONS = (
					"DEBUG=1",
					"$(inherited)",
				);
				GCC_SYMBOLS_PRIVATE_EXTERN = NO;
				GCC_WARN_64_TO_32_BIT_CONVERSION = YES;
				GCC_WARN_ABOUT_RETURN_TYPE = YES_ERROR;
				GCC_WARN_UNDECLARED_SELECTOR = YES;
				GCC_WARN_UNINITIALIZED_AUTOS = YES;
				GCC_WARN_UNUSED_FUNCTION = YES;
				GCC_WARN_UNUSED_VARIABLE = YES;
				IPHONEOS_DEPLOYMENT_TARGET = 4.3;
				ONLY_ACTIVE_ARCH = YES;
				SDKROOT = iphoneos;
			};
			name = Debug;
		};
		A1E7C4EA188D57F60010896F /* Release */ = {
			isa = XCBuildConfiguration;
			buildSettings = {
				ALWAYS_SEARCH_USER_PATHS = NO;
				CLANG_CXX_LANGUAGE_STANDARD = "gnu++0x";
				CLANG_CXX_LIBRARY = "libc++";
				CLANG_ENABLE_MODULES = YES;
				CLANG_ENABLE_OBJC_ARC = YES;
				CLANG_WARN_BOOL_CONVERSION = YES;
				CLANG_WARN_CONSTANT_CONVERSION = YES;
				CLANG_WARN_DIRECT_OBJC_ISA_USAGE = YES_ERROR;
				CLANG_WARN_EMPTY_BODY = YES;
				CLANG_WARN_ENUM_CONVERSION = YES;
				CLANG_WARN_INT_CONVERSION = YES;
				CLANG_WARN_OBJC_ROOT_CLASS = YES_ERROR;
				CLANG_WARN__DUPLICATE_METHOD_MATCH = YES;
				COPY_PHASE_STRIP = YES;
				ENABLE_NS_ASSERTIONS = NO;
				GCC_C_LANGUAGE_STANDARD = gnu99;
				GCC_WARN_64_TO_32_BIT_CONVERSION = YES;
				GCC_WARN_ABOUT_RETURN_TYPE = YES_ERROR;
				GCC_WARN_UNDECLARED_SELECTOR = YES;
				GCC_WARN_UNINITIALIZED_AUTOS = YES;
				GCC_WARN_UNUSED_FUNCTION = YES;
				GCC_WARN_UNUSED_VARIABLE = YES;
				IPHONEOS_DEPLOYMENT_TARGET = 4.3;
				SDKROOT = iphoneos;
				VALIDATE_PRODUCT = YES;
			};
			name = Release;
		};
		A1E7C4EC188D57F60010896F /* Debug */ = {
			isa = XCBuildConfiguration;
			buildSettings = {
				DSTROOT = /tmp/StreamingKit.dst;
				FRAMEWORK_SEARCH_PATHS = (
					"$(inherited)",
					"$(DEVELOPER_FRAMEWORKS_DIR)",
				);
				GCC_PRECOMPILE_PREFIX_HEADER = YES;
				GCC_PREFIX_HEADER = "StreamingKit/StreamingKit-Prefix.pch";
				OTHER_LDFLAGS = "-ObjC";
				PRODUCT_NAME = "$(TARGET_NAME)";
				PUBLIC_HEADERS_FOLDER_PATH = include/StreamingKit;
				SKIP_INSTALL = YES;
			};
			name = Debug;
		};
		A1E7C4ED188D57F60010896F /* Release */ = {
			isa = XCBuildConfiguration;
			buildSettings = {
				DSTROOT = /tmp/StreamingKit.dst;
				FRAMEWORK_SEARCH_PATHS = (
					"$(inherited)",
					"$(DEVELOPER_FRAMEWORKS_DIR)",
				);
				GCC_PRECOMPILE_PREFIX_HEADER = YES;
				GCC_PREFIX_HEADER = "StreamingKit/StreamingKit-Prefix.pch";
				OTHER_LDFLAGS = "-ObjC";
				PRODUCT_NAME = "$(TARGET_NAME)";
				PUBLIC_HEADERS_FOLDER_PATH = include/StreamingKit;
				SKIP_INSTALL = YES;
			};
			name = Release;
		};
/* End XCBuildConfiguration section */

/* Begin XCConfigurationList section */
		A1E7C4C3188D57F50010896F /* Build configuration list for PBXProject "StreamingKit" */ = {
			isa = XCConfigurationList;
			buildConfigurations = (
				A1E7C4E9188D57F60010896F /* Debug */,
				A1E7C4EA188D57F60010896F /* Release */,
			);
			defaultConfigurationIsVisible = 0;
			defaultConfigurationName = Release;
		};
		A1E7C4EB188D57F60010896F /* Build configuration list for PBXNativeTarget "StreamingKit" */ = {
			isa = XCConfigurationList;
			buildConfigurations = (
				A1E7C4EC188D57F60010896F /* Debug */,
				A1E7C4ED188D57F60010896F /* Release */,
			);
			defaultConfigurationIsVisible = 0;
			defaultConfigurationName = Release;
		};
/* End XCConfigurationList section */
	};
	rootObject = A1E7C4C0188D57F50010896F /* Project object */;
}
